// !$*UTF8*$!
{
	archiveVersion = 1;
	classes = {
	};
	objectVersion = 56;
	objects = {

/* Begin PBXBuildFile section */
		AB04D4C42A4F6BAF005ED0A6 /* Constants.swift in Sources */ = {isa = PBXBuildFile; fileRef = AB04D4C32A4F6BAF005ED0A6 /* Constants.swift */; };
		AB3B895F2A52DBBD001CB768 /* AuthViewController.swift in Sources */ = {isa = PBXBuildFile; fileRef = AB3B895E2A52DBBD001CB768 /* AuthViewController.swift */; };
		AB3B89612A52DCD5001CB768 /* WebViewViewController.swift in Sources */ = {isa = PBXBuildFile; fileRef = AB3B89602A52DCD5001CB768 /* WebViewViewController.swift */; };
		AB3B89642A53111F001CB768 /* URLRequestHelper.swift in Sources */ = {isa = PBXBuildFile; fileRef = AB3B89632A53111F001CB768 /* URLRequestHelper.swift */; };
		AB3B89662A531138001CB768 /* URLSessionHelper.swift in Sources */ = {isa = PBXBuildFile; fileRef = AB3B89652A531138001CB768 /* URLSessionHelper.swift */; };
		AB3B89692A531516001CB768 /* OAuth2Service.swift in Sources */ = {isa = PBXBuildFile; fileRef = AB3B89682A531516001CB768 /* OAuth2Service.swift */; };
		AB3B896B2A5315E5001CB768 /* OAuthTokenResponseBody.swift in Sources */ = {isa = PBXBuildFile; fileRef = AB3B896A2A5315E5001CB768 /* OAuthTokenResponseBody.swift */; };
		AB3B896D2A532B59001CB768 /* OAuth2TokenStorage.swift in Sources */ = {isa = PBXBuildFile; fileRef = AB3B896C2A532B59001CB768 /* OAuth2TokenStorage.swift */; };
		AB3B89702A533613001CB768 /* SplashScreenViewController.swift in Sources */ = {isa = PBXBuildFile; fileRef = AB3B896F2A533613001CB768 /* SplashScreenViewController.swift */; };
		AB5D813B2A23C84700C44E26 /* AppDelegate.swift in Sources */ = {isa = PBXBuildFile; fileRef = AB5D813A2A23C84700C44E26 /* AppDelegate.swift */; };
		AB5D813D2A23C84700C44E26 /* SceneDelegate.swift in Sources */ = {isa = PBXBuildFile; fileRef = AB5D813C2A23C84700C44E26 /* SceneDelegate.swift */; };
		AB5D813F2A23C84700C44E26 /* ImagesListViewController.swift in Sources */ = {isa = PBXBuildFile; fileRef = AB5D813E2A23C84700C44E26 /* ImagesListViewController.swift */; };
		AB5D81442A23C84800C44E26 /* Assets.xcassets in Resources */ = {isa = PBXBuildFile; fileRef = AB5D81432A23C84800C44E26 /* Assets.xcassets */; };
		AB5D81472A23C84800C44E26 /* LaunchScreen.storyboard in Resources */ = {isa = PBXBuildFile; fileRef = AB5D81452A23C84800C44E26 /* LaunchScreen.storyboard */; };
		AB5D81712A240DB000C44E26 /* ImagesListCell.swift in Sources */ = {isa = PBXBuildFile; fileRef = AB5D81702A240DB000C44E26 /* ImagesListCell.swift */; };
		AB5D91D52A33C0C300112AE9 /* ProfileViewController.swift in Sources */ = {isa = PBXBuildFile; fileRef = AB5D91D42A33C0C300112AE9 /* ProfileViewController.swift */; };
		AB5D91D82A33DE3300112AE9 /* SingleImageViewController.swift in Sources */ = {isa = PBXBuildFile; fileRef = AB5D91D72A33DE3300112AE9 /* SingleImageViewController.swift */; };
		ABAAA6622A58CE53006A0643 /* ProgressHUD in Frameworks */ = {isa = PBXBuildFile; productRef = ABAAA6612A58CE53006A0643 /* ProgressHUD */; };
		ABAAA6642A5B8876006A0643 /* UIBlockingProgressHUD.swift in Sources */ = {isa = PBXBuildFile; fileRef = ABAAA6632A5B8876006A0643 /* UIBlockingProgressHUD.swift */; };
		ABAAA6662A5B8BEB006A0643 /* ProfileService.swift in Sources */ = {isa = PBXBuildFile; fileRef = ABAAA6652A5B8BEB006A0643 /* ProfileService.swift */; };
		ABAAA6682A5DB9FC006A0643 /* ProfileImageService.swift in Sources */ = {isa = PBXBuildFile; fileRef = ABAAA6672A5DB9FC006A0643 /* ProfileImageService.swift */; };
		ABAAA66B2A64A5B9006A0643 /* Kingfisher in Frameworks */ = {isa = PBXBuildFile; productRef = ABAAA66A2A64A5B9006A0643 /* Kingfisher */; };
		ABAAA66E2A64AE73006A0643 /* SwiftKeychainWrapper in Frameworks */ = {isa = PBXBuildFile; productRef = ABAAA66D2A64AE73006A0643 /* SwiftKeychainWrapper */; };
		ABAAA6702A64B152006A0643 /* TabBarController.swift in Sources */ = {isa = PBXBuildFile; fileRef = ABAAA66F2A64B152006A0643 /* TabBarController.swift */; };
		ABAAA6762A65E64F006A0643 /* UIView.swift in Sources */ = {isa = PBXBuildFile; fileRef = ABAAA6752A65E64F006A0643 /* UIView.swift */; };
		ABAAA6782A66C6FF006A0643 /* UIColor+Extention.swift in Sources */ = {isa = PBXBuildFile; fileRef = ABAAA6772A66C6FF006A0643 /* UIColor+Extention.swift */; };
		ABAAA67C2A68C1CA006A0643 /* BaseUIViewController.swift in Sources */ = {isa = PBXBuildFile; fileRef = ABAAA67B2A68C1CA006A0643 /* BaseUIViewController.swift */; };
/* End PBXBuildFile section */

/* Begin PBXFileReference section */
		AB04D4C32A4F6BAF005ED0A6 /* Constants.swift */ = {isa = PBXFileReference; lastKnownFileType = sourcecode.swift; path = Constants.swift; sourceTree = "<group>"; };
		AB3B895E2A52DBBD001CB768 /* AuthViewController.swift */ = {isa = PBXFileReference; lastKnownFileType = sourcecode.swift; path = AuthViewController.swift; sourceTree = "<group>"; };
		AB3B89602A52DCD5001CB768 /* WebViewViewController.swift */ = {isa = PBXFileReference; lastKnownFileType = sourcecode.swift; path = WebViewViewController.swift; sourceTree = "<group>"; };
		AB3B89632A53111F001CB768 /* URLRequestHelper.swift */ = {isa = PBXFileReference; lastKnownFileType = sourcecode.swift; path = URLRequestHelper.swift; sourceTree = "<group>"; };
		AB3B89652A531138001CB768 /* URLSessionHelper.swift */ = {isa = PBXFileReference; lastKnownFileType = sourcecode.swift; path = URLSessionHelper.swift; sourceTree = "<group>"; };
		AB3B89682A531516001CB768 /* OAuth2Service.swift */ = {isa = PBXFileReference; lastKnownFileType = sourcecode.swift; path = OAuth2Service.swift; sourceTree = "<group>"; };
		AB3B896A2A5315E5001CB768 /* OAuthTokenResponseBody.swift */ = {isa = PBXFileReference; lastKnownFileType = sourcecode.swift; path = OAuthTokenResponseBody.swift; sourceTree = "<group>"; };
		AB3B896C2A532B59001CB768 /* OAuth2TokenStorage.swift */ = {isa = PBXFileReference; lastKnownFileType = sourcecode.swift; path = OAuth2TokenStorage.swift; sourceTree = "<group>"; };
		AB3B896F2A533613001CB768 /* SplashScreenViewController.swift */ = {isa = PBXFileReference; lastKnownFileType = sourcecode.swift; path = SplashScreenViewController.swift; sourceTree = "<group>"; };
		AB5D81372A23C84700C44E26 /* ImageFeed.app */ = {isa = PBXFileReference; explicitFileType = wrapper.application; includeInIndex = 0; path = ImageFeed.app; sourceTree = BUILT_PRODUCTS_DIR; };
		AB5D813A2A23C84700C44E26 /* AppDelegate.swift */ = {isa = PBXFileReference; lastKnownFileType = sourcecode.swift; path = AppDelegate.swift; sourceTree = "<group>"; };
		AB5D813C2A23C84700C44E26 /* SceneDelegate.swift */ = {isa = PBXFileReference; lastKnownFileType = sourcecode.swift; path = SceneDelegate.swift; sourceTree = "<group>"; };
		AB5D813E2A23C84700C44E26 /* ImagesListViewController.swift */ = {isa = PBXFileReference; lastKnownFileType = sourcecode.swift; path = ImagesListViewController.swift; sourceTree = "<group>"; };
		AB5D81432A23C84800C44E26 /* Assets.xcassets */ = {isa = PBXFileReference; lastKnownFileType = folder.assetcatalog; path = Assets.xcassets; sourceTree = "<group>"; };
		AB5D81462A23C84800C44E26 /* Base */ = {isa = PBXFileReference; lastKnownFileType = file.storyboard; name = Base; path = Base.lproj/LaunchScreen.storyboard; sourceTree = "<group>"; };
		AB5D81482A23C84800C44E26 /* Info.plist */ = {isa = PBXFileReference; lastKnownFileType = text.plist.xml; path = Info.plist; sourceTree = "<group>"; };
		AB5D81702A240DB000C44E26 /* ImagesListCell.swift */ = {isa = PBXFileReference; lastKnownFileType = sourcecode.swift; path = ImagesListCell.swift; sourceTree = "<group>"; };
		AB5D91D42A33C0C300112AE9 /* ProfileViewController.swift */ = {isa = PBXFileReference; lastKnownFileType = sourcecode.swift; path = ProfileViewController.swift; sourceTree = "<group>"; };
		AB5D91D72A33DE3300112AE9 /* SingleImageViewController.swift */ = {isa = PBXFileReference; lastKnownFileType = sourcecode.swift; path = SingleImageViewController.swift; sourceTree = "<group>"; };
		ABAAA6632A5B8876006A0643 /* UIBlockingProgressHUD.swift */ = {isa = PBXFileReference; lastKnownFileType = sourcecode.swift; path = UIBlockingProgressHUD.swift; sourceTree = "<group>"; };
		ABAAA6652A5B8BEB006A0643 /* ProfileService.swift */ = {isa = PBXFileReference; lastKnownFileType = sourcecode.swift; path = ProfileService.swift; sourceTree = "<group>"; };
		ABAAA6672A5DB9FC006A0643 /* ProfileImageService.swift */ = {isa = PBXFileReference; lastKnownFileType = sourcecode.swift; path = ProfileImageService.swift; sourceTree = "<group>"; };
		ABAAA66F2A64B152006A0643 /* TabBarController.swift */ = {isa = PBXFileReference; lastKnownFileType = sourcecode.swift; path = TabBarController.swift; sourceTree = "<group>"; };
		ABAAA6752A65E64F006A0643 /* UIView.swift */ = {isa = PBXFileReference; lastKnownFileType = sourcecode.swift; path = UIView.swift; sourceTree = "<group>"; };
		ABAAA6772A66C6FF006A0643 /* UIColor+Extention.swift */ = {isa = PBXFileReference; lastKnownFileType = sourcecode.swift; path = "UIColor+Extention.swift"; sourceTree = "<group>"; };
		ABAAA67B2A68C1CA006A0643 /* BaseUIViewController.swift */ = {isa = PBXFileReference; lastKnownFileType = sourcecode.swift; path = BaseUIViewController.swift; sourceTree = "<group>"; };
/* End PBXFileReference section */

/* Begin PBXFrameworksBuildPhase section */
		AB5D81342A23C84700C44E26 /* Frameworks */ = {
			isa = PBXFrameworksBuildPhase;
			buildActionMask = 2147483647;
			files = (
				ABAAA66B2A64A5B9006A0643 /* Kingfisher in Frameworks */,
				ABAAA6622A58CE53006A0643 /* ProgressHUD in Frameworks */,
				ABAAA66E2A64AE73006A0643 /* SwiftKeychainWrapper in Frameworks */,
			);
			runOnlyForDeploymentPostprocessing = 0;
		};
/* End PBXFrameworksBuildPhase section */

/* Begin PBXGroup section */
		AB04D4C22A4F6B90005ED0A6 /* Config */ = {
			isa = PBXGroup;
			children = (
				AB04D4C32A4F6BAF005ED0A6 /* Constants.swift */,
			);
			path = Config;
			sourceTree = "<group>";
		};
		AB3B895D2A52DBA0001CB768 /* Auth */ = {
			isa = PBXGroup;
			children = (
				AB3B895E2A52DBBD001CB768 /* AuthViewController.swift */,
				AB3B89602A52DCD5001CB768 /* WebViewViewController.swift */,
			);
			path = Auth;
			sourceTree = "<group>";
		};
		AB3B89622A5310E0001CB768 /* Helpers */ = {
			isa = PBXGroup;
			children = (
				AB3B89632A53111F001CB768 /* URLRequestHelper.swift */,
				AB3B89652A531138001CB768 /* URLSessionHelper.swift */,
				ABAAA6632A5B8876006A0643 /* UIBlockingProgressHUD.swift */,
				ABAAA6752A65E64F006A0643 /* UIView.swift */,
				ABAAA6772A66C6FF006A0643 /* UIColor+Extention.swift */,
			);
			path = Helpers;
			sourceTree = "<group>";
		};
		AB3B89672A531506001CB768 /* OAuth2 */ = {
			isa = PBXGroup;
			children = (
				AB3B89682A531516001CB768 /* OAuth2Service.swift */,
				AB3B896A2A5315E5001CB768 /* OAuthTokenResponseBody.swift */,
				AB3B896C2A532B59001CB768 /* OAuth2TokenStorage.swift */,
			);
			path = OAuth2;
			sourceTree = "<group>";
		};
		AB3B896E2A5335F6001CB768 /* SplashScreen */ = {
			isa = PBXGroup;
			children = (
				AB3B896F2A533613001CB768 /* SplashScreenViewController.swift */,
			);
			path = SplashScreen;
			sourceTree = "<group>";
		};
		AB5D812E2A23C84700C44E26 = {
			isa = PBXGroup;
			children = (
				AB5D81392A23C84700C44E26 /* ImageFeed */,
				AB5D81382A23C84700C44E26 /* Products */,
			);
			sourceTree = "<group>";
		};
		AB5D81382A23C84700C44E26 /* Products */ = {
			isa = PBXGroup;
			children = (
				AB5D81372A23C84700C44E26 /* ImageFeed.app */,
			);
			name = Products;
			sourceTree = "<group>";
		};
		AB5D81392A23C84700C44E26 /* ImageFeed */ = {
			isa = PBXGroup;
			children = (
				AB04D4C22A4F6B90005ED0A6 /* Config */,
				ABAAA67D2A68C2FC006A0643 /* BaseUIViewController */,
				AB3B896E2A5335F6001CB768 /* SplashScreen */,
				AB3B895D2A52DBA0001CB768 /* Auth */,
				ABAAA6712A64CC3A006A0643 /* TabBar */,
				AB5D81732A240E0D00C44E26 /* ImagesList */,
				AB5D91D32A33C0B200112AE9 /* Profile */,
				AB3B89672A531506001CB768 /* OAuth2 */,
				AB3B89622A5310E0001CB768 /* Helpers */,
				AB5D813A2A23C84700C44E26 /* AppDelegate.swift */,
				AB5D813C2A23C84700C44E26 /* SceneDelegate.swift */,
				AB5D81432A23C84800C44E26 /* Assets.xcassets */,
				AB5D81452A23C84800C44E26 /* LaunchScreen.storyboard */,
				AB5D81482A23C84800C44E26 /* Info.plist */,
			);
			path = ImageFeed;
			sourceTree = "<group>";
		};
		AB5D81732A240E0D00C44E26 /* ImagesList */ = {
			isa = PBXGroup;
			children = (
				AB5D813E2A23C84700C44E26 /* ImagesListViewController.swift */,
				AB5D81702A240DB000C44E26 /* ImagesListCell.swift */,
				AB5D91D72A33DE3300112AE9 /* SingleImageViewController.swift */,
			);
			path = ImagesList;
			sourceTree = "<group>";
		};
		AB5D91D32A33C0B200112AE9 /* Profile */ = {
			isa = PBXGroup;
			children = (
				AB5D91D42A33C0C300112AE9 /* ProfileViewController.swift */,
				ABAAA6652A5B8BEB006A0643 /* ProfileService.swift */,
				ABAAA6672A5DB9FC006A0643 /* ProfileImageService.swift */,
			);
			path = Profile;
			sourceTree = "<group>";
		};
		ABAAA6712A64CC3A006A0643 /* TabBar */ = {
			isa = PBXGroup;
			children = (
				ABAAA66F2A64B152006A0643 /* TabBarController.swift */,
			);
			path = TabBar;
			sourceTree = "<group>";
		};
		ABAAA67D2A68C2FC006A0643 /* BaseUIViewController */ = {
			isa = PBXGroup;
			children = (
				ABAAA67B2A68C1CA006A0643 /* BaseUIViewController.swift */,
			);
			path = BaseUIViewController;
			sourceTree = "<group>";
		};
/* End PBXGroup section */

/* Begin PBXNativeTarget section */
		AB5D81362A23C84700C44E26 /* ImageFeed */ = {
			isa = PBXNativeTarget;
			buildConfigurationList = AB5D814B2A23C84800C44E26 /* Build configuration list for PBXNativeTarget "ImageFeed" */;
			buildPhases = (
				AB5D81332A23C84700C44E26 /* Sources */,
				AB5D81342A23C84700C44E26 /* Frameworks */,
				AB5D81352A23C84700C44E26 /* Resources */,
			);
			buildRules = (
			);
			dependencies = (
			);
			name = ImageFeed;
			packageProductDependencies = (
				ABAAA6612A58CE53006A0643 /* ProgressHUD */,
				ABAAA66A2A64A5B9006A0643 /* Kingfisher */,
				ABAAA66D2A64AE73006A0643 /* SwiftKeychainWrapper */,
			);
			productName = ImageFeed;
			productReference = AB5D81372A23C84700C44E26 /* ImageFeed.app */;
			productType = "com.apple.product-type.application";
		};
/* End PBXNativeTarget section */

/* Begin PBXProject section */
		AB5D812F2A23C84700C44E26 /* Project object */ = {
			isa = PBXProject;
			attributes = {
				BuildIndependentTargetsInParallel = 1;
				LastSwiftUpdateCheck = 1430;
				LastUpgradeCheck = 1430;
				TargetAttributes = {
					AB5D81362A23C84700C44E26 = {
						CreatedOnToolsVersion = 14.3;
					};
				};
			};
			buildConfigurationList = AB5D81322A23C84700C44E26 /* Build configuration list for PBXProject "ImageFeed" */;
			compatibilityVersion = "Xcode 14.0";
			developmentRegion = en;
			hasScannedForEncodings = 0;
			knownRegions = (
				en,
				Base,
			);
			mainGroup = AB5D812E2A23C84700C44E26;
			packageReferences = (
				ABAAA6602A58CE53006A0643 /* XCRemoteSwiftPackageReference "ProgressHUD" */,
				ABAAA6692A64A5B9006A0643 /* XCRemoteSwiftPackageReference "Kingfisher" */,
				ABAAA66C2A64AE73006A0643 /* XCRemoteSwiftPackageReference "SwiftKeychainWrapper" */,
			);
			productRefGroup = AB5D81382A23C84700C44E26 /* Products */;
			projectDirPath = "";
			projectRoot = "";
			targets = (
				AB5D81362A23C84700C44E26 /* ImageFeed */,
			);
		};
/* End PBXProject section */

/* Begin PBXResourcesBuildPhase section */
		AB5D81352A23C84700C44E26 /* Resources */ = {
			isa = PBXResourcesBuildPhase;
			buildActionMask = 2147483647;
			files = (
				AB5D81472A23C84800C44E26 /* LaunchScreen.storyboard in Resources */,
				AB5D81442A23C84800C44E26 /* Assets.xcassets in Resources */,
			);
			runOnlyForDeploymentPostprocessing = 0;
		};
/* End PBXResourcesBuildPhase section */

/* Begin PBXSourcesBuildPhase section */
		AB5D81332A23C84700C44E26 /* Sources */ = {
			isa = PBXSourcesBuildPhase;
			buildActionMask = 2147483647;
			files = (
				ABAAA6762A65E64F006A0643 /* UIView.swift in Sources */,
				AB5D813F2A23C84700C44E26 /* ImagesListViewController.swift in Sources */,
				AB3B89642A53111F001CB768 /* URLRequestHelper.swift in Sources */,
				ABAAA67C2A68C1CA006A0643 /* BaseUIViewController.swift in Sources */,
				AB3B89692A531516001CB768 /* OAuth2Service.swift in Sources */,
				ABAAA6642A5B8876006A0643 /* UIBlockingProgressHUD.swift in Sources */,
				AB5D81712A240DB000C44E26 /* ImagesListCell.swift in Sources */,
				ABAAA6782A66C6FF006A0643 /* UIColor+Extention.swift in Sources */,
				AB5D91D52A33C0C300112AE9 /* ProfileViewController.swift in Sources */,
				AB3B896B2A5315E5001CB768 /* OAuthTokenResponseBody.swift in Sources */,
				ABAAA6662A5B8BEB006A0643 /* ProfileService.swift in Sources */,
				AB3B896D2A532B59001CB768 /* OAuth2TokenStorage.swift in Sources */,
				AB5D813B2A23C84700C44E26 /* AppDelegate.swift in Sources */,
				ABAAA6702A64B152006A0643 /* TabBarController.swift in Sources */,
				AB3B89702A533613001CB768 /* SplashScreenViewController.swift in Sources */,
				AB3B895F2A52DBBD001CB768 /* AuthViewController.swift in Sources */,
				AB04D4C42A4F6BAF005ED0A6 /* Constants.swift in Sources */,
				AB3B89662A531138001CB768 /* URLSessionHelper.swift in Sources */,
				AB5D91D82A33DE3300112AE9 /* SingleImageViewController.swift in Sources */,
				ABAAA6682A5DB9FC006A0643 /* ProfileImageService.swift in Sources */,
				AB3B89612A52DCD5001CB768 /* WebViewViewController.swift in Sources */,
				AB5D813D2A23C84700C44E26 /* SceneDelegate.swift in Sources */,
			);
			runOnlyForDeploymentPostprocessing = 0;
		};
/* End PBXSourcesBuildPhase section */

/* Begin PBXVariantGroup section */
		AB5D81452A23C84800C44E26 /* LaunchScreen.storyboard */ = {
			isa = PBXVariantGroup;
			children = (
				AB5D81462A23C84800C44E26 /* Base */,
			);
			name = LaunchScreen.storyboard;
			sourceTree = "<group>";
		};
/* End PBXVariantGroup section */

/* Begin XCBuildConfiguration section */
		AB5D81492A23C84800C44E26 /* Debug */ = {
			isa = XCBuildConfiguration;
			buildSettings = {
				ALWAYS_SEARCH_USER_PATHS = NO;
				CLANG_ANALYZER_NONNULL = YES;
				CLANG_ANALYZER_NUMBER_OBJECT_CONVERSION = YES_AGGRESSIVE;
				CLANG_CXX_LANGUAGE_STANDARD = "gnu++20";
				CLANG_ENABLE_MODULES = YES;
				CLANG_ENABLE_OBJC_ARC = YES;
				CLANG_ENABLE_OBJC_WEAK = YES;
				CLANG_WARN_BLOCK_CAPTURE_AUTORELEASING = YES;
				CLANG_WARN_BOOL_CONVERSION = YES;
				CLANG_WARN_COMMA = YES;
				CLANG_WARN_CONSTANT_CONVERSION = YES;
				CLANG_WARN_DEPRECATED_OBJC_IMPLEMENTATIONS = YES;
				CLANG_WARN_DIRECT_OBJC_ISA_USAGE = YES_ERROR;
				CLANG_WARN_DOCUMENTATION_COMMENTS = YES;
				CLANG_WARN_EMPTY_BODY = YES;
				CLANG_WARN_ENUM_CONVERSION = YES;
				CLANG_WARN_INFINITE_RECURSION = YES;
				CLANG_WARN_INT_CONVERSION = YES;
				CLANG_WARN_NON_LITERAL_NULL_CONVERSION = YES;
				CLANG_WARN_OBJC_IMPLICIT_RETAIN_SELF = YES;
				CLANG_WARN_OBJC_LITERAL_CONVERSION = YES;
				CLANG_WARN_OBJC_ROOT_CLASS = YES_ERROR;
				CLANG_WARN_QUOTED_INCLUDE_IN_FRAMEWORK_HEADER = YES;
				CLANG_WARN_RANGE_LOOP_ANALYSIS = YES;
				CLANG_WARN_STRICT_PROTOTYPES = YES;
				CLANG_WARN_SUSPICIOUS_MOVE = YES;
				CLANG_WARN_UNGUARDED_AVAILABILITY = YES_AGGRESSIVE;
				CLANG_WARN_UNREACHABLE_CODE = YES;
				CLANG_WARN__DUPLICATE_METHOD_MATCH = YES;
				COPY_PHASE_STRIP = NO;
				DEBUG_INFORMATION_FORMAT = dwarf;
				ENABLE_STRICT_OBJC_MSGSEND = YES;
				ENABLE_TESTABILITY = YES;
				GCC_C_LANGUAGE_STANDARD = gnu11;
				GCC_DYNAMIC_NO_PIC = NO;
				GCC_NO_COMMON_BLOCKS = YES;
				GCC_OPTIMIZATION_LEVEL = 0;
				GCC_PREPROCESSOR_DEFINITIONS = (
					"DEBUG=1",
					"$(inherited)",
				);
				GCC_WARN_64_TO_32_BIT_CONVERSION = YES;
				GCC_WARN_ABOUT_RETURN_TYPE = YES_ERROR;
				GCC_WARN_UNDECLARED_SELECTOR = YES;
				GCC_WARN_UNINITIALIZED_AUTOS = YES_AGGRESSIVE;
				GCC_WARN_UNUSED_FUNCTION = YES;
				GCC_WARN_UNUSED_VARIABLE = YES;
				IPHONEOS_DEPLOYMENT_TARGET = 13.0;
				MTL_ENABLE_DEBUG_INFO = INCLUDE_SOURCE;
				MTL_FAST_MATH = YES;
				ONLY_ACTIVE_ARCH = YES;
				SDKROOT = iphoneos;
				SWIFT_ACTIVE_COMPILATION_CONDITIONS = DEBUG;
				SWIFT_OPTIMIZATION_LEVEL = "-Onone";
			};
			name = Debug;
		};
		AB5D814A2A23C84800C44E26 /* Release */ = {
			isa = XCBuildConfiguration;
			buildSettings = {
				ALWAYS_SEARCH_USER_PATHS = NO;
				CLANG_ANALYZER_NONNULL = YES;
				CLANG_ANALYZER_NUMBER_OBJECT_CONVERSION = YES_AGGRESSIVE;
				CLANG_CXX_LANGUAGE_STANDARD = "gnu++20";
				CLANG_ENABLE_MODULES = YES;
				CLANG_ENABLE_OBJC_ARC = YES;
				CLANG_ENABLE_OBJC_WEAK = YES;
				CLANG_WARN_BLOCK_CAPTURE_AUTORELEASING = YES;
				CLANG_WARN_BOOL_CONVERSION = YES;
				CLANG_WARN_COMMA = YES;
				CLANG_WARN_CONSTANT_CONVERSION = YES;
				CLANG_WARN_DEPRECATED_OBJC_IMPLEMENTATIONS = YES;
				CLANG_WARN_DIRECT_OBJC_ISA_USAGE = YES_ERROR;
				CLANG_WARN_DOCUMENTATION_COMMENTS = YES;
				CLANG_WARN_EMPTY_BODY = YES;
				CLANG_WARN_ENUM_CONVERSION = YES;
				CLANG_WARN_INFINITE_RECURSION = YES;
				CLANG_WARN_INT_CONVERSION = YES;
				CLANG_WARN_NON_LITERAL_NULL_CONVERSION = YES;
				CLANG_WARN_OBJC_IMPLICIT_RETAIN_SELF = YES;
				CLANG_WARN_OBJC_LITERAL_CONVERSION = YES;
				CLANG_WARN_OBJC_ROOT_CLASS = YES_ERROR;
				CLANG_WARN_QUOTED_INCLUDE_IN_FRAMEWORK_HEADER = YES;
				CLANG_WARN_RANGE_LOOP_ANALYSIS = YES;
				CLANG_WARN_STRICT_PROTOTYPES = YES;
				CLANG_WARN_SUSPICIOUS_MOVE = YES;
				CLANG_WARN_UNGUARDED_AVAILABILITY = YES_AGGRESSIVE;
				CLANG_WARN_UNREACHABLE_CODE = YES;
				CLANG_WARN__DUPLICATE_METHOD_MATCH = YES;
				COPY_PHASE_STRIP = NO;
				DEBUG_INFORMATION_FORMAT = "dwarf-with-dsym";
				ENABLE_NS_ASSERTIONS = NO;
				ENABLE_STRICT_OBJC_MSGSEND = YES;
				GCC_C_LANGUAGE_STANDARD = gnu11;
				GCC_NO_COMMON_BLOCKS = YES;
				GCC_WARN_64_TO_32_BIT_CONVERSION = YES;
				GCC_WARN_ABOUT_RETURN_TYPE = YES_ERROR;
				GCC_WARN_UNDECLARED_SELECTOR = YES;
				GCC_WARN_UNINITIALIZED_AUTOS = YES_AGGRESSIVE;
				GCC_WARN_UNUSED_FUNCTION = YES;
				GCC_WARN_UNUSED_VARIABLE = YES;
				IPHONEOS_DEPLOYMENT_TARGET = 13.0;
				MTL_ENABLE_DEBUG_INFO = NO;
				MTL_FAST_MATH = YES;
				SDKROOT = iphoneos;
				SWIFT_COMPILATION_MODE = wholemodule;
				SWIFT_OPTIMIZATION_LEVEL = "-O";
				VALIDATE_PRODUCT = YES;
			};
			name = Release;
		};
		AB5D814C2A23C84800C44E26 /* Debug */ = {
			isa = XCBuildConfiguration;
			buildSettings = {
				ASSETCATALOG_COMPILER_APPICON_NAME = AppIcon;
				ASSETCATALOG_COMPILER_GLOBAL_ACCENT_COLOR_NAME = AccentColor;
				CODE_SIGN_STYLE = Automatic;
				CURRENT_PROJECT_VERSION = 1;
				DEVELOPMENT_TEAM = XFSK538AV7;
				GENERATE_INFOPLIST_FILE = YES;
				INFOPLIST_FILE = ImageFeed/Info.plist;
				INFOPLIST_KEY_UIApplicationSupportsIndirectInputEvents = YES;
				INFOPLIST_KEY_UILaunchStoryboardName = LaunchScreen;
				INFOPLIST_KEY_UIStatusBarHidden = NO;
				INFOPLIST_KEY_UIStatusBarStyle = UIStatusBarStyleLightContent;
				INFOPLIST_KEY_UISupportedInterfaceOrientations = UIInterfaceOrientationPortrait;
				IPHONEOS_DEPLOYMENT_TARGET = 13.0;
				LD_RUNPATH_SEARCH_PATHS = (
					"$(inherited)",
					"@executable_path/Frameworks",
				);
				MARKETING_VERSION = 1.0;
				PRODUCT_BUNDLE_IDENTIFIER = com.bva.ImageFeed;
				PRODUCT_NAME = "$(TARGET_NAME)";
				SUPPORTED_PLATFORMS = "iphoneos iphonesimulator";
				SUPPORTS_MACCATALYST = NO;
				SUPPORTS_MAC_DESIGNED_FOR_IPHONE_IPAD = YES;
				SWIFT_EMIT_LOC_STRINGS = YES;
				SWIFT_VERSION = 5.0;
				TARGETED_DEVICE_FAMILY = 1;
			};
			name = Debug;
		};
		AB5D814D2A23C84800C44E26 /* Release */ = {
			isa = XCBuildConfiguration;
			buildSettings = {
				ASSETCATALOG_COMPILER_APPICON_NAME = AppIcon;
				ASSETCATALOG_COMPILER_GLOBAL_ACCENT_COLOR_NAME = AccentColor;
				CODE_SIGN_STYLE = Automatic;
				CURRENT_PROJECT_VERSION = 1;
				DEVELOPMENT_TEAM = XFSK538AV7;
				GENERATE_INFOPLIST_FILE = YES;
				INFOPLIST_FILE = ImageFeed/Info.plist;
				INFOPLIST_KEY_UIApplicationSupportsIndirectInputEvents = YES;
				INFOPLIST_KEY_UILaunchStoryboardName = LaunchScreen;
				INFOPLIST_KEY_UIStatusBarHidden = NO;
				INFOPLIST_KEY_UIStatusBarStyle = UIStatusBarStyleLightContent;
				INFOPLIST_KEY_UISupportedInterfaceOrientations = UIInterfaceOrientationPortrait;
				IPHONEOS_DEPLOYMENT_TARGET = 13.0;
				LD_RUNPATH_SEARCH_PATHS = (
					"$(inherited)",
					"@executable_path/Frameworks",
				);
				MARKETING_VERSION = 1.0;
				PRODUCT_BUNDLE_IDENTIFIER = com.bva.ImageFeed;
				PRODUCT_NAME = "$(TARGET_NAME)";
				SUPPORTED_PLATFORMS = "iphoneos iphonesimulator";
				SUPPORTS_MACCATALYST = NO;
				SUPPORTS_MAC_DESIGNED_FOR_IPHONE_IPAD = YES;
				SWIFT_EMIT_LOC_STRINGS = YES;
				SWIFT_VERSION = 5.0;
				TARGETED_DEVICE_FAMILY = 1;
			};
			name = Release;
		};
/* End XCBuildConfiguration section */

/* Begin XCConfigurationList section */
		AB5D81322A23C84700C44E26 /* Build configuration list for PBXProject "ImageFeed" */ = {
			isa = XCConfigurationList;
			buildConfigurations = (
				AB5D81492A23C84800C44E26 /* Debug */,
				AB5D814A2A23C84800C44E26 /* Release */,
			);
			defaultConfigurationIsVisible = 0;
			defaultConfigurationName = Release;
		};
		AB5D814B2A23C84800C44E26 /* Build configuration list for PBXNativeTarget "ImageFeed" */ = {
			isa = XCConfigurationList;
			buildConfigurations = (
				AB5D814C2A23C84800C44E26 /* Debug */,
				AB5D814D2A23C84800C44E26 /* Release */,
			);
			defaultConfigurationIsVisible = 0;
			defaultConfigurationName = Release;
		};
/* End XCConfigurationList section */

/* Begin XCRemoteSwiftPackageReference section */
		ABAAA6602A58CE53006A0643 /* XCRemoteSwiftPackageReference "ProgressHUD" */ = {
			isa = XCRemoteSwiftPackageReference;
			repositoryURL = "https://github.com/relatedcode/ProgressHUD";
			requirement = {
				kind = upToNextMajorVersion;
				minimumVersion = 13.0.0;
			};
		};
		ABAAA6692A64A5B9006A0643 /* XCRemoteSwiftPackageReference "Kingfisher" */ = {
			isa = XCRemoteSwiftPackageReference;
			repositoryURL = "https://github.com/onevcat/Kingfisher";
			requirement = {
				kind = upToNextMajorVersion;
				minimumVersion = 7.0.0;
			};
		};
		ABAAA66C2A64AE73006A0643 /* XCRemoteSwiftPackageReference "SwiftKeychainWrapper" */ = {
			isa = XCRemoteSwiftPackageReference;
			repositoryURL = "https://github.com/jrendel/SwiftKeychainWrapper";
			requirement = {
				kind = upToNextMajorVersion;
				minimumVersion = 4.0.0;
			};
		};
/* End XCRemoteSwiftPackageReference section */

/* Begin XCSwiftPackageProductDependency section */
		ABAAA6612A58CE53006A0643 /* ProgressHUD */ = {
			isa = XCSwiftPackageProductDependency;
			package = ABAAA6602A58CE53006A0643 /* XCRemoteSwiftPackageReference "ProgressHUD" */;
			productName = ProgressHUD;
		};
		ABAAA66A2A64A5B9006A0643 /* Kingfisher */ = {
			isa = XCSwiftPackageProductDependency;
			package = ABAAA6692A64A5B9006A0643 /* XCRemoteSwiftPackageReference "Kingfisher" */;
			productName = Kingfisher;
		};
		ABAAA66D2A64AE73006A0643 /* SwiftKeychainWrapper */ = {
			isa = XCSwiftPackageProductDependency;
			package = ABAAA66C2A64AE73006A0643 /* XCRemoteSwiftPackageReference "SwiftKeychainWrapper" */;
			productName = SwiftKeychainWrapper;
		};
/* End XCSwiftPackageProductDependency section */
	};
	rootObject = AB5D812F2A23C84700C44E26 /* Project object */;
}
